
Microsoft Visual Studio Solution File, Format Version 12.00
# Visual Studio 15
VisualStudioVersion = 15.0.27703.2026
MinimumVisualStudioVersion = 10.0.40219.1
Project("{FAE04EC0-301F-11D3-BF4B-00C04F79EFBC}") = "Presentacion", "CascaronPrograIV\Presentacion.csproj", "{E527B42A-99C9-4F72-8DB7-50DA090CF31B}"
EndProject
Project("{FAE04EC0-301F-11D3-BF4B-00C04F79EFBC}") = "Entidades", "Entidades\Entidades.csproj", "{D83ECD1F-DCCE-4EF1-A330-D97A044D1907}"
EndProject
Project("{FAE04EC0-301F-11D3-BF4B-00C04F79EFBC}") = "AD", "AD\AD.csproj", "{7EEB9068-7010-46FD-9632-0857DA309491}"
EndProject
Project("{FAE04EC0-301F-11D3-BF4B-00C04F79EFBC}") = "LN", "LN\LN.csproj", "{DDEADC7A-1D82-475D-A079-61F5D81FD708}"
EndProject
Project("{FAE04EC0-301F-11D3-BF4B-00C04F79EFBC}") = "S", "S\S.csproj", "{D9E0404F-3054-44B9-BEAF-86F266896FB2}"
EndProject
Global
	GlobalSection(SolutionConfigurationPlatforms) = preSolution
		Debug|Any CPU = Debug|Any CPU
		Release|Any CPU = Release|Any CPU
	EndGlobalSection
	GlobalSection(ProjectConfigurationPlatforms) = postSolution
		{E527B42A-99C9-4F72-8DB7-50DA090CF31B}.Debug|Any CPU.ActiveCfg = Debug|Any CPU
		{E527B42A-99C9-4F72-8DB7-50DA090CF31B}.Debug|Any CPU.Build.0 = Debug|Any CPU
		{E527B42A-99C9-4F72-8DB7-50DA090CF31B}.Release|Any CPU.ActiveCfg = Release|Any CPU
		{E527B42A-99C9-4F72-8DB7-50DA090CF31B}.Release|Any CPU.Build.0 = Release|Any CPU
		{D83ECD1F-DCCE-4EF1-A330-D97A044D1907}.Debug|Any CPU.ActiveCfg = Debug|Any CPU
		{D83ECD1F-DCCE-4EF1-A330-D97A044D1907}.Debug|Any CPU.Build.0 = Debug|Any CPU
		{D83ECD1F-DCCE-4EF1-A330-D97A044D1907}.Release|Any CPU.ActiveCfg = Release|Any CPU
		{D83ECD1F-DCCE-4EF1-A330-D97A044D1907}.Release|Any CPU.Build.0 = Release|Any CPU
		{7EEB9068-7010-46FD-9632-0857DA309491}.Debug|Any CPU.ActiveCfg = Debug|Any CPU
		{7EEB9068-7010-46FD-9632-0857DA309491}.Debug|Any CPU.Build.0 = Debug|Any CPU
		{7EEB9068-7010-46FD-9632-0857DA309491}.Release|Any CPU.ActiveCfg = Release|Any CPU
		{7EEB9068-7010-46FD-9632-0857DA309491}.Release|Any CPU.Build.0 = Release|Any CPU
		{DDEADC7A-1D82-475D-A079-61F5D81FD708}.Debug|Any CPU.ActiveCfg = Debug|Any CPU
		{DDEADC7A-1D82-475D-A079-61F5D81FD708}.Debug|Any CPU.Build.0 = Debug|Any CPU
		{DDEADC7A-1D82-475D-A079-61F5D81FD708}.Release|Any CPU.ActiveCfg = Release|Any CPU
		{DDEADC7A-1D82-475D-A079-61F5D81FD708}.Release|Any CPU.Build.0 = Release|Any CPU
		{D9E0404F-3054-44B9-BEAF-86F266896FB2}.Debug|Any CPU.ActiveCfg = Debug|Any CPU
		{D9E0404F-3054-44B9-BEAF-86F266896FB2}.Debug|Any CPU.Build.0 = Debug|Any CPU
		{D9E0404F-3054-44B9-BEAF-86F266896FB2}.Release|Any CPU.ActiveCfg = Release|Any CPU
		{D9E0404F-3054-44B9-BEAF-86F266896FB2}.Release|Any CPU.Build.0 = Release|Any CPU
	EndGlobalSection
	GlobalSection(SolutionProperties) = preSolution
		HideSolutionNode = FALSE
	EndGlobalSection
	GlobalSection(ExtensibilityGlobals) = postSolution
		SolutionGuid = {0808077F-2AE4-434A-BF92-9729F1F08072}
	EndGlobalSection
EndGlobal
